
Microsoft Visual Studio Solution File, Format Version 12.00
# Visual Studio Version 16
VisualStudioVersion = 16.0.29709.97
MinimumVisualStudioVersion = 10.0.40219.1
Project("{FAE04EC0-301F-11D3-BF4B-00C04F79EFBC}") = "Net_Elsayed_Mohammed_Elsayed_Ali_Leilla", "Net_Elsayed_Mohammed_Elsayed_Ali_Leilla.csproj", "{9017D17B-0283-474D-A716-B0E4C546798C}"
EndProject
Global
	GlobalSection(SolutionConfigurationPlatforms) = preSolution
		Debug|Any CPU = Debug|Any CPU
		Release|Any CPU = Release|Any CPU
	EndGlobalSection
	GlobalSection(ProjectConfigurationPlatforms) = postSolution
		{9017D17B-0283-474D-A716-B0E4C546798C}.Debug|Any CPU.ActiveCfg = Debug|Any CPU
		{9017D17B-0283-474D-A716-B0E4C546798C}.Debug|Any CPU.Build.0 = Debug|Any CPU
		{9017D17B-0283-474D-A716-B0E4C546798C}.Release|Any CPU.ActiveCfg = Release|Any CPU
		{9017D17B-0283-474D-A716-B0E4C546798C}.Release|Any CPU.Build.0 = Release|Any CPU
	EndGlobalSection
	GlobalSection(SolutionProperties) = preSolution
		HideSolutionNode = FALSE
	EndGlobalSection
	GlobalSection(ExtensibilityGlobals) = postSolution
		SolutionGuid = {5B6042FD-D7CE-4BD8-98D3-12F36BF5839C}
	EndGlobalSection
EndGlobal
